// !$*UTF8*$!
{
	archiveVersion = 1;
	classes = {
	};
	objectVersion = 51;
	objects = {

/* Begin PBXBuildFile section */
		A05369AE24E7D55600207296 /* AppDelegate.swift in Sources */ = {isa = PBXBuildFile; fileRef = A05369AD24E7D55600207296 /* AppDelegate.swift */; };
		A05369B024E7D55600207296 /* SceneDelegate.swift in Sources */ = {isa = PBXBuildFile; fileRef = A05369AF24E7D55600207296 /* SceneDelegate.swift */; };
		A05369B224E7D55600207296 /* SearchRepoViewController.swift in Sources */ = {isa = PBXBuildFile; fileRef = A05369B124E7D55600207296 /* SearchRepoViewController.swift */; };
		A05369B524E7D55600207296 /* Main.storyboard in Resources */ = {isa = PBXBuildFile; fileRef = A05369B324E7D55600207296 /* Main.storyboard */; };
		A05369B724E7D55A00207296 /* Assets.xcassets in Resources */ = {isa = PBXBuildFile; fileRef = A05369B624E7D55A00207296 /* Assets.xcassets */; };
		A05369BA24E7D55A00207296 /* LaunchScreen.storyboard in Resources */ = {isa = PBXBuildFile; fileRef = A05369B824E7D55A00207296 /* LaunchScreen.storyboard */; };
		A05369C424E7D76400207296 /* Repository.swift in Sources */ = {isa = PBXBuildFile; fileRef = A05369C324E7D76400207296 /* Repository.swift */; };
		A05369C624E7D9AE00207296 /* RespsitoryOwner.swift in Sources */ = {isa = PBXBuildFile; fileRef = A05369C524E7D9AE00207296 /* RespsitoryOwner.swift */; };
		A05369C824E7DCCB00207296 /* RequestManager.swift in Sources */ = {isa = PBXBuildFile; fileRef = A05369C724E7DCCB00207296 /* RequestManager.swift */; };
		A05369CC24E7E8D400207296 /* Request.swift in Sources */ = {isa = PBXBuildFile; fileRef = A05369CB24E7E8D400207296 /* Request.swift */; };
		A05369CE24E7EED700207296 /* GetRepositoriesResponse.swift in Sources */ = {isa = PBXBuildFile; fileRef = A05369CD24E7EED700207296 /* GetRepositoriesResponse.swift */; };
		A05369D324E7F8EE00207296 /* SearchRepo.storyboard in Resources */ = {isa = PBXBuildFile; fileRef = A05369D224E7F8ED00207296 /* SearchRepo.storyboard */; };
		A05369D624E7F93B00207296 /* SearchResult.storyboard in Resources */ = {isa = PBXBuildFile; fileRef = A05369D524E7F93B00207296 /* SearchResult.storyboard */; };
		A05369D824E7F98E00207296 /* SearchResultViewControllerViewController.swift in Sources */ = {isa = PBXBuildFile; fileRef = A05369D724E7F98E00207296 /* SearchResultViewControllerViewController.swift */; };
		A05369DB24E7FAC800207296 /* SearchResultTableViewCell.swift in Sources */ = {isa = PBXBuildFile; fileRef = A05369DA24E7FAC800207296 /* SearchResultTableViewCell.swift */; };
		A05369DE24E7FBB300207296 /* Date+Extension.swift in Sources */ = {isa = PBXBuildFile; fileRef = A05369DD24E7FBB300207296 /* Date+Extension.swift */; };
		A05369E124E805DE00207296 /* RepositoryDetails.storyboard in Resources */ = {isa = PBXBuildFile; fileRef = A05369E024E805DE00207296 /* RepositoryDetails.storyboard */; };
		A05369E324E805FB00207296 /* RepositoryDetailsViewController.swift in Sources */ = {isa = PBXBuildFile; fileRef = A05369E224E805FB00207296 /* RepositoryDetailsViewController.swift */; };
		ACBC4F652DA462741AF32396 /* Pods_Github_search.framework in Frameworks */ = {isa = PBXBuildFile; fileRef = 3A01636FA0A520CCAA999E83 /* Pods_Github_search.framework */; };
/* End PBXBuildFile section */

/* Begin PBXFileReference section */
		3A01636FA0A520CCAA999E83 /* Pods_Github_search.framework */ = {isa = PBXFileReference; explicitFileType = wrapper.framework; includeInIndex = 0; path = Pods_Github_search.framework; sourceTree = BUILT_PRODUCTS_DIR; };
		743DF9F0C59C5C0EF1CC9C1E /* Pods-Github search.release.xcconfig */ = {isa = PBXFileReference; includeInIndex = 1; lastKnownFileType = text.xcconfig; name = "Pods-Github search.release.xcconfig"; path = "Target Support Files/Pods-Github search/Pods-Github search.release.xcconfig"; sourceTree = "<group>"; };
		A05369AA24E7D55600207296 /* Github search.app */ = {isa = PBXFileReference; explicitFileType = wrapper.application; includeInIndex = 0; path = "Github search.app"; sourceTree = BUILT_PRODUCTS_DIR; };
		A05369AD24E7D55600207296 /* AppDelegate.swift */ = {isa = PBXFileReference; lastKnownFileType = sourcecode.swift; path = AppDelegate.swift; sourceTree = "<group>"; };
		A05369AF24E7D55600207296 /* SceneDelegate.swift */ = {isa = PBXFileReference; lastKnownFileType = sourcecode.swift; path = SceneDelegate.swift; sourceTree = "<group>"; };
		A05369B124E7D55600207296 /* SearchRepoViewController.swift */ = {isa = PBXFileReference; lastKnownFileType = sourcecode.swift; path = SearchRepoViewController.swift; sourceTree = "<group>"; };
		A05369B424E7D55600207296 /* Base */ = {isa = PBXFileReference; lastKnownFileType = file.storyboard; name = Base; path = Base.lproj/Main.storyboard; sourceTree = "<group>"; };
		A05369B624E7D55A00207296 /* Assets.xcassets */ = {isa = PBXFileReference; lastKnownFileType = folder.assetcatalog; path = Assets.xcassets; sourceTree = "<group>"; };
		A05369B924E7D55A00207296 /* Base */ = {isa = PBXFileReference; lastKnownFileType = file.storyboard; name = Base; path = Base.lproj/LaunchScreen.storyboard; sourceTree = "<group>"; };
		A05369BB24E7D55A00207296 /* Info.plist */ = {isa = PBXFileReference; lastKnownFileType = text.plist.xml; path = Info.plist; sourceTree = "<group>"; };
		A05369C324E7D76400207296 /* Repository.swift */ = {isa = PBXFileReference; lastKnownFileType = sourcecode.swift; path = Repository.swift; sourceTree = "<group>"; };
		A05369C524E7D9AE00207296 /* RespsitoryOwner.swift */ = {isa = PBXFileReference; lastKnownFileType = sourcecode.swift; path = RespsitoryOwner.swift; sourceTree = "<group>"; };
		A05369C724E7DCCB00207296 /* RequestManager.swift */ = {isa = PBXFileReference; lastKnownFileType = sourcecode.swift; path = RequestManager.swift; sourceTree = "<group>"; };
		A05369CB24E7E8D400207296 /* Request.swift */ = {isa = PBXFileReference; lastKnownFileType = sourcecode.swift; path = Request.swift; sourceTree = "<group>"; };
		A05369CD24E7EED700207296 /* GetRepositoriesResponse.swift */ = {isa = PBXFileReference; lastKnownFileType = sourcecode.swift; path = GetRepositoriesResponse.swift; sourceTree = "<group>"; };
		A05369D224E7F8ED00207296 /* SearchRepo.storyboard */ = {isa = PBXFileReference; lastKnownFileType = file.storyboard; path = SearchRepo.storyboard; sourceTree = "<group>"; };
		A05369D524E7F93B00207296 /* SearchResult.storyboard */ = {isa = PBXFileReference; lastKnownFileType = file.storyboard; path = SearchResult.storyboard; sourceTree = "<group>"; };
		A05369D724E7F98E00207296 /* SearchResultViewControllerViewController.swift */ = {isa = PBXFileReference; lastKnownFileType = sourcecode.swift; path = SearchResultViewControllerViewController.swift; sourceTree = "<group>"; };
		A05369DA24E7FAC800207296 /* SearchResultTableViewCell.swift */ = {isa = PBXFileReference; lastKnownFileType = sourcecode.swift; path = SearchResultTableViewCell.swift; sourceTree = "<group>"; };
		A05369DD24E7FBB300207296 /* Date+Extension.swift */ = {isa = PBXFileReference; lastKnownFileType = sourcecode.swift; path = "Date+Extension.swift"; sourceTree = "<group>"; };
		A05369E024E805DE00207296 /* RepositoryDetails.storyboard */ = {isa = PBXFileReference; lastKnownFileType = file.storyboard; path = RepositoryDetails.storyboard; sourceTree = "<group>"; };
		A05369E224E805FB00207296 /* RepositoryDetailsViewController.swift */ = {isa = PBXFileReference; lastKnownFileType = sourcecode.swift; path = RepositoryDetailsViewController.swift; sourceTree = "<group>"; };
		CCCBCAA60F194A8745B16447 /* Pods-Github search.debug.xcconfig */ = {isa = PBXFileReference; includeInIndex = 1; lastKnownFileType = text.xcconfig; name = "Pods-Github search.debug.xcconfig"; path = "Target Support Files/Pods-Github search/Pods-Github search.debug.xcconfig"; sourceTree = "<group>"; };
/* End PBXFileReference section */

/* Begin PBXFrameworksBuildPhase section */
		A05369A724E7D55600207296 /* Frameworks */ = {
			isa = PBXFrameworksBuildPhase;
			buildActionMask = 2147483647;
			files = (
				ACBC4F652DA462741AF32396 /* Pods_Github_search.framework in Frameworks */,
			);
			runOnlyForDeploymentPostprocessing = 0;
		};
/* End PBXFrameworksBuildPhase section */

/* Begin PBXGroup section */
		8F41883811BB67C56776232A /* Frameworks */ = {
			isa = PBXGroup;
			children = (
				3A01636FA0A520CCAA999E83 /* Pods_Github_search.framework */,
			);
			name = Frameworks;
			sourceTree = "<group>";
		};
		A05369A124E7D55600207296 = {
			isa = PBXGroup;
			children = (
				A05369AC24E7D55600207296 /* Github search */,
				A05369AB24E7D55600207296 /* Products */,
				ED57C357CDFC2CC8FE53D6A8 /* Pods */,
				8F41883811BB67C56776232A /* Frameworks */,
			);
			sourceTree = "<group>";
		};
		A05369AB24E7D55600207296 /* Products */ = {
			isa = PBXGroup;
			children = (
				A05369AA24E7D55600207296 /* Github search.app */,
			);
			name = Products;
			sourceTree = "<group>";
		};
		A05369AC24E7D55600207296 /* Github search */ = {
			isa = PBXGroup;
			children = (
				A05369DC24E7FB9700207296 /* Extensions */,
				A05369D024E7F81100207296 /* Stories */,
				A05369C224E7D71E00207296 /* Network */,
				A05369C124E7D70200207296 /* Models */,
				A05369AD24E7D55600207296 /* AppDelegate.swift */,
				A05369AF24E7D55600207296 /* SceneDelegate.swift */,
				A05369B624E7D55A00207296 /* Assets.xcassets */,
				A05369B824E7D55A00207296 /* LaunchScreen.storyboard */,
				A05369BB24E7D55A00207296 /* Info.plist */,
			);
			path = "Github search";
			sourceTree = "<group>";
		};
		A05369C124E7D70200207296 /* Models */ = {
			isa = PBXGroup;
			children = (
				A05369C324E7D76400207296 /* Repository.swift */,
				A05369C524E7D9AE00207296 /* RespsitoryOwner.swift */,
				A05369CD24E7EED700207296 /* GetRepositoriesResponse.swift */,
			);
			path = Models;
			sourceTree = "<group>";
		};
		A05369C224E7D71E00207296 /* Network */ = {
			isa = PBXGroup;
			children = (
				A05369C724E7DCCB00207296 /* RequestManager.swift */,
				A05369CB24E7E8D400207296 /* Request.swift */,
			);
			path = Network;
			sourceTree = "<group>";
		};
		A05369D024E7F81100207296 /* Stories */ = {
			isa = PBXGroup;
			children = (
				A05369B324E7D55600207296 /* Main.storyboard */,
				A05369DF24E805BE00207296 /* RepositoryDetails */,
				A05369D424E7F91B00207296 /* SearchResult */,
				A05369D124E7F81B00207296 /* SearchRepository */,
			);
			path = Stories;
			sourceTree = "<group>";
		};
		A05369D124E7F81B00207296 /* SearchRepository */ = {
			isa = PBXGroup;
			children = (
				A05369B124E7D55600207296 /* SearchRepoViewController.swift */,
				A05369D224E7F8ED00207296 /* SearchRepo.storyboard */,
			);
			path = SearchRepository;
			sourceTree = "<group>";
		};
		A05369D424E7F91B00207296 /* SearchResult */ = {
			isa = PBXGroup;
			children = (
				A05369D924E7FA9C00207296 /* cells */,
				A05369D524E7F93B00207296 /* SearchResult.storyboard */,
				A05369D724E7F98E00207296 /* SearchResultViewControllerViewController.swift */,
			);
			path = SearchResult;
			sourceTree = "<group>";
		};
		A05369D924E7FA9C00207296 /* cells */ = {
			isa = PBXGroup;
			children = (
				A05369DA24E7FAC800207296 /* SearchResultTableViewCell.swift */,
			);
			path = cells;
			sourceTree = "<group>";
		};
		A05369DC24E7FB9700207296 /* Extensions */ = {
			isa = PBXGroup;
			children = (
				A05369DD24E7FBB300207296 /* Date+Extension.swift */,
			);
			path = Extensions;
			sourceTree = "<group>";
		};
		A05369DF24E805BE00207296 /* RepositoryDetails */ = {
			isa = PBXGroup;
			children = (
				A05369E024E805DE00207296 /* RepositoryDetails.storyboard */,
				A05369E224E805FB00207296 /* RepositoryDetailsViewController.swift */,
			);
			path = RepositoryDetails;
			sourceTree = "<group>";
		};
		ED57C357CDFC2CC8FE53D6A8 /* Pods */ = {
			isa = PBXGroup;
			children = (
				CCCBCAA60F194A8745B16447 /* Pods-Github search.debug.xcconfig */,
				743DF9F0C59C5C0EF1CC9C1E /* Pods-Github search.release.xcconfig */,
			);
			path = Pods;
			sourceTree = "<group>";
		};
/* End PBXGroup section */

/* Begin PBXNativeTarget section */
		A05369A924E7D55600207296 /* Github search */ = {
			isa = PBXNativeTarget;
			buildConfigurationList = A05369BE24E7D55A00207296 /* Build configuration list for PBXNativeTarget "Github search" */;
			buildPhases = (
				6BFC258338D2ACCE420D066E /* [CP] Check Pods Manifest.lock */,
				A05369A624E7D55600207296 /* Sources */,
				A05369A724E7D55600207296 /* Frameworks */,
				A05369A824E7D55600207296 /* Resources */,
				62022C8989B77CE1FFFC3B43 /* [CP] Embed Pods Frameworks */,
			);
			buildRules = (
			);
			dependencies = (
			);
			name = "Github search";
			productName = "Github search";
			productReference = A05369AA24E7D55600207296 /* Github search.app */;
			productType = "com.apple.product-type.application";
		};
/* End PBXNativeTarget section */

/* Begin PBXProject section */
		A05369A224E7D55600207296 /* Project object */ = {
			isa = PBXProject;
			attributes = {
				LastSwiftUpdateCheck = 1160;
				LastUpgradeCheck = 1160;
				ORGANIZATIONNAME = "Niec, Mateusz";
				TargetAttributes = {
					A05369A924E7D55600207296 = {
						CreatedOnToolsVersion = 11.6;
					};
				};
			};
			buildConfigurationList = A05369A524E7D55600207296 /* Build configuration list for PBXProject "Github search" */;
			compatibilityVersion = "Xcode 9.3";
			developmentRegion = en;
			hasScannedForEncodings = 0;
			knownRegions = (
				en,
				Base,
			);
			mainGroup = A05369A124E7D55600207296;
			productRefGroup = A05369AB24E7D55600207296 /* Products */;
			projectDirPath = "";
			projectRoot = "";
			targets = (
				A05369A924E7D55600207296 /* Github search */,
			);
		};
/* End PBXProject section */

/* Begin PBXResourcesBuildPhase section */
		A05369A824E7D55600207296 /* Resources */ = {
			isa = PBXResourcesBuildPhase;
			buildActionMask = 2147483647;
			files = (
				A05369D624E7F93B00207296 /* SearchResult.storyboard in Resources */,
				A05369E124E805DE00207296 /* RepositoryDetails.storyboard in Resources */,
				A05369D324E7F8EE00207296 /* SearchRepo.storyboard in Resources */,
				A05369BA24E7D55A00207296 /* LaunchScreen.storyboard in Resources */,
				A05369B724E7D55A00207296 /* Assets.xcassets in Resources */,
				A05369B524E7D55600207296 /* Main.storyboard in Resources */,
			);
			runOnlyForDeploymentPostprocessing = 0;
		};
/* End PBXResourcesBuildPhase section */

/* Begin PBXShellScriptBuildPhase section */
		62022C8989B77CE1FFFC3B43 /* [CP] Embed Pods Frameworks */ = {
			isa = PBXShellScriptBuildPhase;
			buildActionMask = 2147483647;
			files = (
			);
			inputFileListPaths = (
				"${PODS_ROOT}/Target Support Files/Pods-Github search/Pods-Github search-frameworks-${CONFIGURATION}-input-files.xcfilelist",
			);
			name = "[CP] Embed Pods Frameworks";
			outputFileListPaths = (
				"${PODS_ROOT}/Target Support Files/Pods-Github search/Pods-Github search-frameworks-${CONFIGURATION}-output-files.xcfilelist",
			);
			runOnlyForDeploymentPostprocessing = 0;
			shellPath = /bin/sh;
			shellScript = "\"${PODS_ROOT}/Target Support Files/Pods-Github search/Pods-Github search-frameworks.sh\"\n";
			showEnvVarsInLog = 0;
		};
		6BFC258338D2ACCE420D066E /* [CP] Check Pods Manifest.lock */ = {
			isa = PBXShellScriptBuildPhase;
			buildActionMask = 2147483647;
			files = (
			);
			inputFileListPaths = (
			);
			inputPaths = (
				"${PODS_PODFILE_DIR_PATH}/Podfile.lock",
				"${PODS_ROOT}/Manifest.lock",
			);
			name = "[CP] Check Pods Manifest.lock";
			outputFileListPaths = (
			);
			outputPaths = (
				"$(DERIVED_FILE_DIR)/Pods-Github search-checkManifestLockResult.txt",
			);
			runOnlyForDeploymentPostprocessing = 0;
			shellPath = /bin/sh;
			shellScript = "diff \"${PODS_PODFILE_DIR_PATH}/Podfile.lock\" \"${PODS_ROOT}/Manifest.lock\" > /dev/null\nif [ $? != 0 ] ; then\n    # print error to STDERR\n    echo \"error: The sandbox is not in sync with the Podfile.lock. Run 'pod install' or update your CocoaPods installation.\" >&2\n    exit 1\nfi\n# This output is used by Xcode 'outputs' to avoid re-running this script phase.\necho \"SUCCESS\" > \"${SCRIPT_OUTPUT_FILE_0}\"\n";
			showEnvVarsInLog = 0;
		};
/* End PBXShellScriptBuildPhase section */

/* Begin PBXSourcesBuildPhase section */
		A05369A624E7D55600207296 /* Sources */ = {
			isa = PBXSourcesBuildPhase;
			buildActionMask = 2147483647;
			files = (
				A05369C824E7DCCB00207296 /* RequestManager.swift in Sources */,
				A05369DE24E7FBB300207296 /* Date+Extension.swift in Sources */,
				A05369CC24E7E8D400207296 /* Request.swift in Sources */,
				A05369C624E7D9AE00207296 /* RespsitoryOwner.swift in Sources */,
				A05369B224E7D55600207296 /* SearchRepoViewController.swift in Sources */,
				A05369E324E805FB00207296 /* RepositoryDetailsViewController.swift in Sources */,
				A05369AE24E7D55600207296 /* AppDelegate.swift in Sources */,
				A05369B024E7D55600207296 /* SceneDelegate.swift in Sources */,
				A05369DB24E7FAC800207296 /* SearchResultTableViewCell.swift in Sources */,
				A05369CE24E7EED700207296 /* GetRepositoriesResponse.swift in Sources */,
				A05369D824E7F98E00207296 /* SearchResultViewControllerViewController.swift in Sources */,
				A05369C424E7D76400207296 /* Repository.swift in Sources */,
			);
			runOnlyForDeploymentPostprocessing = 0;
		};
/* End PBXSourcesBuildPhase section */

/* Begin PBXVariantGroup section */
		A05369B324E7D55600207296 /* Main.storyboard */ = {
			isa = PBXVariantGroup;
			children = (
				A05369B424E7D55600207296 /* Base */,
			);
			name = Main.storyboard;
			sourceTree = "<group>";
		};
		A05369B824E7D55A00207296 /* LaunchScreen.storyboard */ = {
			isa = PBXVariantGroup;
			children = (
				A05369B924E7D55A00207296 /* Base */,
			);
			name = LaunchScreen.storyboard;
			sourceTree = "<group>";
		};
/* End PBXVariantGroup section */

/* Begin XCBuildConfiguration section */
		A05369BC24E7D55A00207296 /* Debug */ = {
			isa = XCBuildConfiguration;
			buildSettings = {
				ALWAYS_SEARCH_USER_PATHS = NO;
				CLANG_ANALYZER_NONNULL = YES;
				CLANG_ANALYZER_NUMBER_OBJECT_CONVERSION = YES_AGGRESSIVE;
				CLANG_CXX_LANGUAGE_STANDARD = "gnu++14";
				CLANG_CXX_LIBRARY = "libc++";
				CLANG_ENABLE_MODULES = YES;
				CLANG_ENABLE_OBJC_ARC = YES;
				CLANG_ENABLE_OBJC_WEAK = YES;
				CLANG_WARN_BLOCK_CAPTURE_AUTORELEASING = YES;
				CLANG_WARN_BOOL_CONVERSION = YES;
				CLANG_WARN_COMMA = YES;
				CLANG_WARN_CONSTANT_CONVERSION = YES;
				CLANG_WARN_DEPRECATED_OBJC_IMPLEMENTATIONS = YES;
				CLANG_WARN_DIRECT_OBJC_ISA_USAGE = YES_ERROR;
				CLANG_WARN_DOCUMENTATION_COMMENTS = YES;
				CLANG_WARN_EMPTY_BODY = YES;
				CLANG_WARN_ENUM_CONVERSION = YES;
				CLANG_WARN_INFINITE_RECURSION = YES;
				CLANG_WARN_INT_CONVERSION = YES;
				CLANG_WARN_NON_LITERAL_NULL_CONVERSION = YES;
				CLANG_WARN_OBJC_IMPLICIT_RETAIN_SELF = YES;
				CLANG_WARN_OBJC_LITERAL_CONVERSION = YES;
				CLANG_WARN_OBJC_ROOT_CLASS = YES_ERROR;
				CLANG_WARN_RANGE_LOOP_ANALYSIS = YES;
				CLANG_WARN_STRICT_PROTOTYPES = YES;
				CLANG_WARN_SUSPICIOUS_MOVE = YES;
				CLANG_WARN_UNGUARDED_AVAILABILITY = YES_AGGRESSIVE;
				CLANG_WARN_UNREACHABLE_CODE = YES;
				CLANG_WARN__DUPLICATE_METHOD_MATCH = YES;
				COPY_PHASE_STRIP = NO;
				DEBUG_INFORMATION_FORMAT = dwarf;
				ENABLE_STRICT_OBJC_MSGSEND = YES;
				ENABLE_TESTABILITY = YES;
				GCC_C_LANGUAGE_STANDARD = gnu11;
				GCC_DYNAMIC_NO_PIC = NO;
				GCC_NO_COMMON_BLOCKS = YES;
				GCC_OPTIMIZATION_LEVEL = 0;
				GCC_PREPROCESSOR_DEFINITIONS = (
					"DEBUG=1",
					"$(inherited)",
				);
				GCC_WARN_64_TO_32_BIT_CONVERSION = YES;
				GCC_WARN_ABOUT_RETURN_TYPE = YES_ERROR;
				GCC_WARN_UNDECLARED_SELECTOR = YES;
				GCC_WARN_UNINITIALIZED_AUTOS = YES_AGGRESSIVE;
				GCC_WARN_UNUSED_FUNCTION = YES;
				GCC_WARN_UNUSED_VARIABLE = YES;
				IPHONEOS_DEPLOYMENT_TARGET = 13.6;
				MTL_ENABLE_DEBUG_INFO = INCLUDE_SOURCE;
				MTL_FAST_MATH = YES;
				ONLY_ACTIVE_ARCH = YES;
				SDKROOT = iphoneos;
				SWIFT_ACTIVE_COMPILATION_CONDITIONS = DEBUG;
				SWIFT_OPTIMIZATION_LEVEL = "-Onone";
			};
			name = Debug;
		};
		A05369BD24E7D55A00207296 /* Release */ = {
			isa = XCBuildConfiguration;
			buildSettings = {
				ALWAYS_SEARCH_USER_PATHS = NO;
				CLANG_ANALYZER_NONNULL = YES;
				CLANG_ANALYZER_NUMBER_OBJECT_CONVERSION = YES_AGGRESSIVE;
				CLANG_CXX_LANGUAGE_STANDARD = "gnu++14";
				CLANG_CXX_LIBRARY = "libc++";
				CLANG_ENABLE_MODULES = YES;
				CLANG_ENABLE_OBJC_ARC = YES;
				CLANG_ENABLE_OBJC_WEAK = YES;
				CLANG_WARN_BLOCK_CAPTURE_AUTORELEASING = YES;
				CLANG_WARN_BOOL_CONVERSION = YES;
				CLANG_WARN_COMMA = YES;
				CLANG_WARN_CONSTANT_CONVERSION = YES;
				CLANG_WARN_DEPRECATED_OBJC_IMPLEMENTATIONS = YES;
				CLANG_WARN_DIRECT_OBJC_ISA_USAGE = YES_ERROR;
				CLANG_WARN_DOCUMENTATION_COMMENTS = YES;
				CLANG_WARN_EMPTY_BODY = YES;
				CLANG_WARN_ENUM_CONVERSION = YES;
				CLANG_WARN_INFINITE_RECURSION = YES;
				CLANG_WARN_INT_CONVERSION = YES;
				CLANG_WARN_NON_LITERAL_NULL_CONVERSION = YES;
				CLANG_WARN_OBJC_IMPLICIT_RETAIN_SELF = YES;
				CLANG_WARN_OBJC_LITERAL_CONVERSION = YES;
				CLANG_WARN_OBJC_ROOT_CLASS = YES_ERROR;
				CLANG_WARN_RANGE_LOOP_ANALYSIS = YES;
				CLANG_WARN_STRICT_PROTOTYPES = YES;
				CLANG_WARN_SUSPICIOUS_MOVE = YES;
				CLANG_WARN_UNGUARDED_AVAILABILITY = YES_AGGRESSIVE;
				CLANG_WARN_UNREACHABLE_CODE = YES;
				CLANG_WARN__DUPLICATE_METHOD_MATCH = YES;
				COPY_PHASE_STRIP = NO;
				DEBUG_INFORMATION_FORMAT = "dwarf-with-dsym";
				ENABLE_NS_ASSERTIONS = NO;
				ENABLE_STRICT_OBJC_MSGSEND = YES;
				GCC_C_LANGUAGE_STANDARD = gnu11;
				GCC_NO_COMMON_BLOCKS = YES;
				GCC_WARN_64_TO_32_BIT_CONVERSION = YES;
				GCC_WARN_ABOUT_RETURN_TYPE = YES_ERROR;
				GCC_WARN_UNDECLARED_SELECTOR = YES;
				GCC_WARN_UNINITIALIZED_AUTOS = YES_AGGRESSIVE;
				GCC_WARN_UNUSED_FUNCTION = YES;
				GCC_WARN_UNUSED_VARIABLE = YES;
				IPHONEOS_DEPLOYMENT_TARGET = 13.6;
				MTL_ENABLE_DEBUG_INFO = NO;
				MTL_FAST_MATH = YES;
				SDKROOT = iphoneos;
				SWIFT_COMPILATION_MODE = wholemodule;
				SWIFT_OPTIMIZATION_LEVEL = "-O";
				VALIDATE_PRODUCT = YES;
			};
			name = Release;
		};
		A05369BF24E7D55A00207296 /* Debug */ = {
			isa = XCBuildConfiguration;
			baseConfigurationReference = CCCBCAA60F194A8745B16447 /* Pods-Github search.debug.xcconfig */;
			buildSettings = {
				ASSETCATALOG_COMPILER_APPICON_NAME = AppIcon;
				CODE_SIGN_STYLE = Automatic;
				DEVELOPMENT_TEAM = 87FSEQ2E72;
				INFOPLIST_FILE = "Github search/Info.plist";
				LD_RUNPATH_SEARCH_PATHS = (
					"$(inherited)",
					"@executable_path/Frameworks",
				);
				PRODUCT_BUNDLE_IDENTIFIER = "myEdu.Github-search";
				PRODUCT_NAME = "$(TARGET_NAME)";
				SWIFT_VERSION = 5.0;
				TARGETED_DEVICE_FAMILY = "1,2";
			};
			name = Debug;
		};
		A05369C024E7D55A00207296 /* Release */ = {
			isa = XCBuildConfiguration;
			baseConfigurationReference = 743DF9F0C59C5C0EF1CC9C1E /* Pods-Github search.release.xcconfig */;
			buildSettings = {
				ASSETCATALOG_COMPILER_APPICON_NAME = AppIcon;
				CODE_SIGN_STYLE = Automatic;
				DEVELOPMENT_TEAM = 87FSEQ2E72;
				INFOPLIST_FILE = "Github search/Info.plist";
				LD_RUNPATH_SEARCH_PATHS = (
					"$(inherited)",
					"@executable_path/Frameworks",
				);
				PRODUCT_BUNDLE_IDENTIFIER = "myEdu.Github-search";
				PRODUCT_NAME = "$(TARGET_NAME)";
				SWIFT_VERSION = 5.0;
				TARGETED_DEVICE_FAMILY = "1,2";
			};
			name = Release;
		};
/* End XCBuildConfiguration section */

/* Begin XCConfigurationList section */
		A05369A524E7D55600207296 /* Build configuration list for PBXProject "Github search" */ = {
			isa = XCConfigurationList;
			buildConfigurations = (
				A05369BC24E7D55A00207296 /* Debug */,
				A05369BD24E7D55A00207296 /* Release */,
			);
			defaultConfigurationIsVisible = 0;
			defaultConfigurationName = Release;
		};
		A05369BE24E7D55A00207296 /* Build configuration list for PBXNativeTarget "Github search" */ = {
			isa = XCConfigurationList;
			buildConfigurations = (
				A05369BF24E7D55A00207296 /* Debug */,
				A05369C024E7D55A00207296 /* Release */,
			);
			defaultConfigurationIsVisible = 0;
			defaultConfigurationName = Release;
		};
/* End XCConfigurationList section */
	};
	rootObject = A05369A224E7D55600207296 /* Project object */;
}
